
Microsoft Visual Studio Solution File, Format Version 12.00
# Visual Studio Version 17
VisualStudioVersion = 17.7.34024.191
MinimumVisualStudioVersion = 10.0.40219.1
Project("{FAE04EC0-301F-11D3-BF4B-00C04F79EFBC}") = "LinkedListLibrary", "LinkedListLibrary.csproj", "{FDC994F5-86F9-4BAB-ADD8-F00AF0724C56}"
EndProject
Project("{FAE04EC0-301F-11D3-BF4B-00C04F79EFBC}") = "OneLinkedList", "..\OneLinkedList\OneLinkedList.csproj", "{3039EE01-68F2-426A-A8A8-E8162063D98C}"
EndProject
Project("{FAE04EC0-301F-11D3-BF4B-00C04F79EFBC}") = "TestLists", "..\TestLists\TestLists.csproj", "{3C4F4FAA-606A-4A3C-9A6A-491198219F6F}"
EndProject
Global
	GlobalSection(SolutionConfigurationPlatforms) = preSolution
		Debug|Any CPU = Debug|Any CPU
		Release|Any CPU = Release|Any CPU
	EndGlobalSection
	GlobalSection(ProjectConfigurationPlatforms) = postSolution
		{FDC994F5-86F9-4BAB-ADD8-F00AF0724C56}.Debug|Any CPU.ActiveCfg = Debug|Any CPU
		{FDC994F5-86F9-4BAB-ADD8-F00AF0724C56}.Debug|Any CPU.Build.0 = Debug|Any CPU
		{FDC994F5-86F9-4BAB-ADD8-F00AF0724C56}.Release|Any CPU.ActiveCfg = Release|Any CPU
		{FDC994F5-86F9-4BAB-ADD8-F00AF0724C56}.Release|Any CPU.Build.0 = Release|Any CPU
		{3039EE01-68F2-426A-A8A8-E8162063D98C}.Debug|Any CPU.ActiveCfg = Debug|Any CPU
		{3039EE01-68F2-426A-A8A8-E8162063D98C}.Debug|Any CPU.Build.0 = Debug|Any CPU
		{3039EE01-68F2-426A-A8A8-E8162063D98C}.Release|Any CPU.ActiveCfg = Release|Any CPU
		{3039EE01-68F2-426A-A8A8-E8162063D98C}.Release|Any CPU.Build.0 = Release|Any CPU
		{3C4F4FAA-606A-4A3C-9A6A-491198219F6F}.Debug|Any CPU.ActiveCfg = Debug|Any CPU
		{3C4F4FAA-606A-4A3C-9A6A-491198219F6F}.Debug|Any CPU.Build.0 = Debug|Any CPU
		{3C4F4FAA-606A-4A3C-9A6A-491198219F6F}.Release|Any CPU.ActiveCfg = Release|Any CPU
		{3C4F4FAA-606A-4A3C-9A6A-491198219F6F}.Release|Any CPU.Build.0 = Release|Any CPU
	EndGlobalSection
	GlobalSection(SolutionProperties) = preSolution
		HideSolutionNode = FALSE
	EndGlobalSection
	GlobalSection(ExtensibilityGlobals) = postSolution
		SolutionGuid = {68DCDA09-8442-43E7-BA6B-8E8221B4E27D}
	EndGlobalSection
EndGlobal
